# THIS IS AN AUTOGENERATED FILE. DO NOT EDIT THIS FILE DIRECTLY.
# yarn lockfile v1


typescript@^5.2.2:
  version "5.2.2"
  resolved "https://ab-inbev.pkgs.visualstudio.com/GHQ_B2B_Delta/_packaging/admin-portal-shared-services/npm/registry/typescript/-/typescript-5.2.2.tgz#5ebb5e5a5b75f085f22bc3f8460fba308310fa78"
  integrity sha1-XrteWlt18IXyK8P4Rg+6MIMQ+ng=
